// !$*UTF8*$!
{
	archiveVersion = 1;
	classes = {
	};
	objectVersion = 54;
	objects = {

/* Begin PBXBuildFile section */
		8C220AC62B2EC672002DDE83 /* RatesTableViewController.swift in Sources */ = {isa = PBXBuildFile; fileRef = 8C220AC52B2EC672002DDE83 /* RatesTableViewController.swift */; };
		8C220AC82B2EC6DF002DDE83 /* CurrencyDetailsViewController.swift in Sources */ = {isa = PBXBuildFile; fileRef = 8C220AC72B2EC6DF002DDE83 /* CurrencyDetailsViewController.swift */; };
		8CDD8FA82B2DF314002C72C8 /* AppDelegate.swift in Sources */ = {isa = PBXBuildFile; fileRef = 8CDD8FA72B2DF314002C72C8 /* AppDelegate.swift */; };
		8CDD8FAA2B2DF314002C72C8 /* SceneDelegate.swift in Sources */ = {isa = PBXBuildFile; fileRef = 8CDD8FA92B2DF314002C72C8 /* SceneDelegate.swift */; };
		8CDD8FAC2B2DF314002C72C8 /* ViewController.swift in Sources */ = {isa = PBXBuildFile; fileRef = 8CDD8FAB2B2DF314002C72C8 /* ViewController.swift */; };
		8CDD8FAF2B2DF314002C72C8 /* Main.storyboard in Resources */ = {isa = PBXBuildFile; fileRef = 8CDD8FAD2B2DF314002C72C8 /* Main.storyboard */; };
		8CDD8FB42B2DF315002C72C8 /* Assets.xcassets in Resources */ = {isa = PBXBuildFile; fileRef = 8CDD8FB32B2DF315002C72C8 /* Assets.xcassets */; };
		8CDD8FB72B2DF315002C72C8 /* LaunchScreen.storyboard in Resources */ = {isa = PBXBuildFile; fileRef = 8CDD8FB52B2DF315002C72C8 /* LaunchScreen.storyboard */; };
		8CDD8FC72B2DF53B002C72C8 /* UIActivityIndicatorView.swift in Sources */ = {isa = PBXBuildFile; fileRef = 8CDD8FC62B2DF53B002C72C8 /* UIActivityIndicatorView.swift */; };
		8CDD8FC92B2DF55F002C72C8 /* UIAlertView.swift in Sources */ = {isa = PBXBuildFile; fileRef = 8CDD8FC82B2DF55F002C72C8 /* UIAlertView.swift */; };
		8CDD8FCB2B2DF5F3002C72C8 /* GlobalSettings.swift in Sources */ = {isa = PBXBuildFile; fileRef = 8CDD8FCA2B2DF5F3002C72C8 /* GlobalSettings.swift */; };
		8CDD8FCD2B2DF60E002C72C8 /* CommonMethods.swift in Sources */ = {isa = PBXBuildFile; fileRef = 8CDD8FCC2B2DF60E002C72C8 /* CommonMethods.swift */; };
		8CDD8FCF2B2DF649002C72C8 /* ApiService.swift in Sources */ = {isa = PBXBuildFile; fileRef = 8CDD8FCE2B2DF649002C72C8 /* ApiService.swift */; };
		8CDD8FD12B2DF6C2002C72C8 /* ErrorModel.swift in Sources */ = {isa = PBXBuildFile; fileRef = 8CDD8FD02B2DF6C2002C72C8 /* ErrorModel.swift */; };
		8CDD8FD32B2DF75B002C72C8 /* RatesDetailModel.swift in Sources */ = {isa = PBXBuildFile; fileRef = 8CDD8FD22B2DF75B002C72C8 /* RatesDetailModel.swift */; };
		8CDD8FD52B2DF782002C72C8 /* CurrencyHistory.swift in Sources */ = {isa = PBXBuildFile; fileRef = 8CDD8FD42B2DF782002C72C8 /* CurrencyHistory.swift */; };
		8CDD8FD72B2DF7A3002C72C8 /* ResultModel.swift in Sources */ = {isa = PBXBuildFile; fileRef = 8CDD8FD62B2DF7A3002C72C8 /* ResultModel.swift */; };
		8CDD8FD92B2DF7C5002C72C8 /* Currency.swift in Sources */ = {isa = PBXBuildFile; fileRef = 8CDD8FD82B2DF7C4002C72C8 /* Currency.swift */; };
		8CDD8FDB2B2DF7DE002C72C8 /* ConversionData.swift in Sources */ = {isa = PBXBuildFile; fileRef = 8CDD8FDA2B2DF7DE002C72C8 /* ConversionData.swift */; };
		8CDD8FDD2B2DF89D002C72C8 /* RateCell.swift in Sources */ = {isa = PBXBuildFile; fileRef = 8CDD8FDC2B2DF89D002C72C8 /* RateCell.swift */; };
		8CDD8FDF2B2DF943002C72C8 /* CurrencyHistoryCell.swift in Sources */ = {isa = PBXBuildFile; fileRef = 8CDD8FDE2B2DF943002C72C8 /* CurrencyHistoryCell.swift */; };
		8CDD8FE12B2DF999002C72C8 /* CurrencyCell.swift in Sources */ = {isa = PBXBuildFile; fileRef = 8CDD8FE02B2DF999002C72C8 /* CurrencyCell.swift */; };
		8CEA3B682B2E1E6600694F13 /* ConverterViewController.swift in Sources */ = {isa = PBXBuildFile; fileRef = 8CEA3B672B2E1E6600694F13 /* ConverterViewController.swift */; };
		8CEA3B6C2B2E255400694F13 /* CurrenciesViewController.swift in Sources */ = {isa = PBXBuildFile; fileRef = 8CEA3B6B2B2E255400694F13 /* CurrenciesViewController.swift */; };
		8CEA3B6E2B2E2EDA00694F13 /* HistoryMainViewController.swift in Sources */ = {isa = PBXBuildFile; fileRef = 8CEA3B6D2B2E2EDA00694F13 /* HistoryMainViewController.swift */; };
		8CEA3B702B2E2F7B00694F13 /* HistoryDetailsViewController.swift in Sources */ = {isa = PBXBuildFile; fileRef = 8CEA3B6F2B2E2F7B00694F13 /* HistoryDetailsViewController.swift */; };
		8CEAF31D2B2F2271006694F4 /* ConversionHistoryCell.swift in Sources */ = {isa = PBXBuildFile; fileRef = 8CEAF31B2B2F2271006694F4 /* ConversionHistoryCell.swift */; };
		8CEAF31E2B2F2271006694F4 /* ConversionHistoryCell.xib in Resources */ = {isa = PBXBuildFile; fileRef = 8CEAF31C2B2F2271006694F4 /* ConversionHistoryCell.xib */; };
		8CEAF3202B2F25F4006694F4 /* ConversionHistoryTableViewController.swift in Sources */ = {isa = PBXBuildFile; fileRef = 8CEAF31F2B2F25F4006694F4 /* ConversionHistoryTableViewController.swift */; };
/* End PBXBuildFile section */

/* Begin PBXFileReference section */
		8C220AC52B2EC672002DDE83 /* RatesTableViewController.swift */ = {isa = PBXFileReference; lastKnownFileType = sourcecode.swift; path = RatesTableViewController.swift; sourceTree = "<group>"; };
		8C220AC72B2EC6DF002DDE83 /* CurrencyDetailsViewController.swift */ = {isa = PBXFileReference; lastKnownFileType = sourcecode.swift; path = CurrencyDetailsViewController.swift; sourceTree = "<group>"; };
		8CDD8FA42B2DF314002C72C8 /* Qure.ai Currency Converter.app */ = {isa = PBXFileReference; explicitFileType = wrapper.application; includeInIndex = 0; path = "Qure.ai Currency Converter.app"; sourceTree = BUILT_PRODUCTS_DIR; };
		8CDD8FA72B2DF314002C72C8 /* AppDelegate.swift */ = {isa = PBXFileReference; lastKnownFileType = sourcecode.swift; path = AppDelegate.swift; sourceTree = "<group>"; };
		8CDD8FA92B2DF314002C72C8 /* SceneDelegate.swift */ = {isa = PBXFileReference; lastKnownFileType = sourcecode.swift; path = SceneDelegate.swift; sourceTree = "<group>"; };
		8CDD8FAB2B2DF314002C72C8 /* ViewController.swift */ = {isa = PBXFileReference; lastKnownFileType = sourcecode.swift; path = ViewController.swift; sourceTree = "<group>"; };
		8CDD8FAE2B2DF314002C72C8 /* Base */ = {isa = PBXFileReference; lastKnownFileType = file.storyboard; name = Base; path = Base.lproj/Main.storyboard; sourceTree = "<group>"; };
		8CDD8FB32B2DF315002C72C8 /* Assets.xcassets */ = {isa = PBXFileReference; lastKnownFileType = folder.assetcatalog; path = Assets.xcassets; sourceTree = "<group>"; };
		8CDD8FB62B2DF315002C72C8 /* Base */ = {isa = PBXFileReference; lastKnownFileType = file.storyboard; name = Base; path = Base.lproj/LaunchScreen.storyboard; sourceTree = "<group>"; };
		8CDD8FB82B2DF315002C72C8 /* Info.plist */ = {isa = PBXFileReference; lastKnownFileType = text.plist.xml; path = Info.plist; sourceTree = SOURCE_ROOT; };
		8CDD8FC62B2DF53B002C72C8 /* UIActivityIndicatorView.swift */ = {isa = PBXFileReference; lastKnownFileType = sourcecode.swift; path = UIActivityIndicatorView.swift; sourceTree = "<group>"; };
		8CDD8FC82B2DF55F002C72C8 /* UIAlertView.swift */ = {isa = PBXFileReference; lastKnownFileType = sourcecode.swift; path = UIAlertView.swift; sourceTree = "<group>"; };
		8CDD8FCA2B2DF5F3002C72C8 /* GlobalSettings.swift */ = {isa = PBXFileReference; lastKnownFileType = sourcecode.swift; path = GlobalSettings.swift; sourceTree = "<group>"; };
		8CDD8FCC2B2DF60E002C72C8 /* CommonMethods.swift */ = {isa = PBXFileReference; lastKnownFileType = sourcecode.swift; path = CommonMethods.swift; sourceTree = "<group>"; };
		8CDD8FCE2B2DF649002C72C8 /* ApiService.swift */ = {isa = PBXFileReference; lastKnownFileType = sourcecode.swift; path = ApiService.swift; sourceTree = "<group>"; };
		8CDD8FD02B2DF6C2002C72C8 /* ErrorModel.swift */ = {isa = PBXFileReference; lastKnownFileType = sourcecode.swift; path = ErrorModel.swift; sourceTree = "<group>"; };
		8CDD8FD22B2DF75B002C72C8 /* RatesDetailModel.swift */ = {isa = PBXFileReference; lastKnownFileType = sourcecode.swift; path = RatesDetailModel.swift; sourceTree = "<group>"; };
		8CDD8FD42B2DF782002C72C8 /* CurrencyHistory.swift */ = {isa = PBXFileReference; lastKnownFileType = sourcecode.swift; path = CurrencyHistory.swift; sourceTree = "<group>"; };
		8CDD8FD62B2DF7A3002C72C8 /* ResultModel.swift */ = {isa = PBXFileReference; lastKnownFileType = sourcecode.swift; path = ResultModel.swift; sourceTree = "<group>"; };
		8CDD8FD82B2DF7C4002C72C8 /* Currency.swift */ = {isa = PBXFileReference; lastKnownFileType = sourcecode.swift; path = Currency.swift; sourceTree = "<group>"; };
		8CDD8FDA2B2DF7DE002C72C8 /* ConversionData.swift */ = {isa = PBXFileReference; lastKnownFileType = sourcecode.swift; path = ConversionData.swift; sourceTree = "<group>"; };
		8CDD8FDC2B2DF89D002C72C8 /* RateCell.swift */ = {isa = PBXFileReference; lastKnownFileType = sourcecode.swift; path = RateCell.swift; sourceTree = "<group>"; };
		8CDD8FDE2B2DF943002C72C8 /* CurrencyHistoryCell.swift */ = {isa = PBXFileReference; lastKnownFileType = sourcecode.swift; path = CurrencyHistoryCell.swift; sourceTree = "<group>"; };
		8CDD8FE02B2DF999002C72C8 /* CurrencyCell.swift */ = {isa = PBXFileReference; lastKnownFileType = sourcecode.swift; path = CurrencyCell.swift; sourceTree = "<group>"; };
		8CEA3B672B2E1E6600694F13 /* ConverterViewController.swift */ = {isa = PBXFileReference; lastKnownFileType = sourcecode.swift; path = ConverterViewController.swift; sourceTree = "<group>"; };
		8CEA3B6B2B2E255400694F13 /* CurrenciesViewController.swift */ = {isa = PBXFileReference; lastKnownFileType = sourcecode.swift; path = CurrenciesViewController.swift; sourceTree = "<group>"; };
		8CEA3B6D2B2E2EDA00694F13 /* HistoryMainViewController.swift */ = {isa = PBXFileReference; lastKnownFileType = sourcecode.swift; path = HistoryMainViewController.swift; sourceTree = "<group>"; };
		8CEA3B6F2B2E2F7B00694F13 /* HistoryDetailsViewController.swift */ = {isa = PBXFileReference; lastKnownFileType = sourcecode.swift; path = HistoryDetailsViewController.swift; sourceTree = "<group>"; };
		8CEAF31B2B2F2271006694F4 /* ConversionHistoryCell.swift */ = {isa = PBXFileReference; lastKnownFileType = sourcecode.swift; path = ConversionHistoryCell.swift; sourceTree = "<group>"; };
		8CEAF31C2B2F2271006694F4 /* ConversionHistoryCell.xib */ = {isa = PBXFileReference; lastKnownFileType = file.xib; path = ConversionHistoryCell.xib; sourceTree = "<group>"; };
		8CEAF31F2B2F25F4006694F4 /* ConversionHistoryTableViewController.swift */ = {isa = PBXFileReference; lastKnownFileType = sourcecode.swift; path = ConversionHistoryTableViewController.swift; sourceTree = "<group>"; };
/* End PBXFileReference section */

/* Begin PBXFrameworksBuildPhase section */
		8CDD8FA12B2DF314002C72C8 /* Frameworks */ = {
			isa = PBXFrameworksBuildPhase;
			buildActionMask = 2147483647;
			files = (
			);
			runOnlyForDeploymentPostprocessing = 0;
		};
/* End PBXFrameworksBuildPhase section */

/* Begin PBXGroup section */
		8CDD8F9B2B2DF314002C72C8 = {
			isa = PBXGroup;
			children = (
				8CDD8FA62B2DF314002C72C8 /* Qure.ai Currency Converter */,
				8CDD8FB82B2DF315002C72C8 /* Info.plist */,
				8CDD8FA52B2DF314002C72C8 /* Products */,
			);
			sourceTree = "<group>";
		};
		8CDD8FA52B2DF314002C72C8 /* Products */ = {
			isa = PBXGroup;
			children = (
				8CDD8FA42B2DF314002C72C8 /* Qure.ai Currency Converter.app */,
			);
			name = Products;
			sourceTree = "<group>";
		};
		8CDD8FA62B2DF314002C72C8 /* Qure.ai Currency Converter */ = {
			isa = PBXGroup;
			children = (
				8CDD8FC52B2DF51F002C72C8 /* Extensions */,
				8CDD8FC42B2DF518002C72C8 /* Helpers */,
				8CDD8FC32B2DF50D002C72C8 /* Network */,
				8CDD8FC22B2DF504002C72C8 /* Models */,
				8CDD8FC12B2DF4E9002C72C8 /* Views */,
				8CDD8FBE2B2DF3C4002C72C8 /* Controllers */,
				8CDD8FBF2B2DF3EE002C72C8 /* Storyboards */,
				8CDD8FC02B2DF473002C72C8 /* Resources */,
				8CDD8FA72B2DF314002C72C8 /* AppDelegate.swift */,
				8CDD8FA92B2DF314002C72C8 /* SceneDelegate.swift */,
			);
			path = "Qure.ai Currency Converter";
			sourceTree = "<group>";
		};
		8CDD8FBE2B2DF3C4002C72C8 /* Controllers */ = {
			isa = PBXGroup;
			children = (
				8CDD8FAB2B2DF314002C72C8 /* ViewController.swift */,
				8CEA3B672B2E1E6600694F13 /* ConverterViewController.swift */,
				8CEA3B6B2B2E255400694F13 /* CurrenciesViewController.swift */,
				8CEA3B6D2B2E2EDA00694F13 /* HistoryMainViewController.swift */,
				8CEA3B6F2B2E2F7B00694F13 /* HistoryDetailsViewController.swift */,
				8C220AC52B2EC672002DDE83 /* RatesTableViewController.swift */,
				8C220AC72B2EC6DF002DDE83 /* CurrencyDetailsViewController.swift */,
				8CEAF31F2B2F25F4006694F4 /* ConversionHistoryTableViewController.swift */,
			);
			path = Controllers;
			sourceTree = "<group>";
		};
		8CDD8FBF2B2DF3EE002C72C8 /* Storyboards */ = {
			isa = PBXGroup;
			children = (
				8CDD8FAD2B2DF314002C72C8 /* Main.storyboard */,
				8CDD8FB52B2DF315002C72C8 /* LaunchScreen.storyboard */,
			);
			path = Storyboards;
			sourceTree = "<group>";
		};
		8CDD8FC02B2DF473002C72C8 /* Resources */ = {
			isa = PBXGroup;
			children = (
				8CDD8FB32B2DF315002C72C8 /* Assets.xcassets */,
			);
			path = Resources;
			sourceTree = "<group>";
		};
		8CDD8FC12B2DF4E9002C72C8 /* Views */ = {
			isa = PBXGroup;
			children = (
				8CDD8FDC2B2DF89D002C72C8 /* RateCell.swift */,
				8CDD8FDE2B2DF943002C72C8 /* CurrencyHistoryCell.swift */,
				8CDD8FE02B2DF999002C72C8 /* CurrencyCell.swift */,
				8CEAF31B2B2F2271006694F4 /* ConversionHistoryCell.swift */,
				8CEAF31C2B2F2271006694F4 /* ConversionHistoryCell.xib */,
			);
			path = Views;
			sourceTree = "<group>";
		};
		8CDD8FC22B2DF504002C72C8 /* Models */ = {
			isa = PBXGroup;
			children = (
				8CDD8FD02B2DF6C2002C72C8 /* ErrorModel.swift */,
				8CDD8FD22B2DF75B002C72C8 /* RatesDetailModel.swift */,
				8CDD8FD42B2DF782002C72C8 /* CurrencyHistory.swift */,
				8CDD8FD62B2DF7A3002C72C8 /* ResultModel.swift */,
				8CDD8FD82B2DF7C4002C72C8 /* Currency.swift */,
				8CDD8FDA2B2DF7DE002C72C8 /* ConversionData.swift */,
			);
			path = Models;
			sourceTree = "<group>";
		};
		8CDD8FC32B2DF50D002C72C8 /* Network */ = {
			isa = PBXGroup;
			children = (
				8CDD8FCE2B2DF649002C72C8 /* ApiService.swift */,
			);
			path = Network;
			sourceTree = "<group>";
		};
		8CDD8FC42B2DF518002C72C8 /* Helpers */ = {
			isa = PBXGroup;
			children = (
				8CDD8FCA2B2DF5F3002C72C8 /* GlobalSettings.swift */,
				8CDD8FCC2B2DF60E002C72C8 /* CommonMethods.swift */,
			);
			path = Helpers;
			sourceTree = "<group>";
		};
		8CDD8FC52B2DF51F002C72C8 /* Extensions */ = {
			isa = PBXGroup;
			children = (
				8CDD8FC62B2DF53B002C72C8 /* UIActivityIndicatorView.swift */,
				8CDD8FC82B2DF55F002C72C8 /* UIAlertView.swift */,
			);
			path = Extensions;
			sourceTree = "<group>";
		};
/* End PBXGroup section */

/* Begin PBXNativeTarget section */
		8CDD8FA32B2DF314002C72C8 /* Qure.ai Currency Converter */ = {
			isa = PBXNativeTarget;
			buildConfigurationList = 8CDD8FBB2B2DF315002C72C8 /* Build configuration list for PBXNativeTarget "Qure.ai Currency Converter" */;
			buildPhases = (
				8CDD8FA02B2DF314002C72C8 /* Sources */,
				8CDD8FA12B2DF314002C72C8 /* Frameworks */,
				8CDD8FA22B2DF314002C72C8 /* Resources */,
			);
			buildRules = (
			);
			dependencies = (
			);
			name = "Qure.ai Currency Converter";
			productName = "Qure.ai Currency Converter";
			productReference = 8CDD8FA42B2DF314002C72C8 /* Qure.ai Currency Converter.app */;
			productType = "com.apple.product-type.application";
		};
/* End PBXNativeTarget section */

/* Begin PBXProject section */
		8CDD8F9C2B2DF314002C72C8 /* Project object */ = {
			isa = PBXProject;
			attributes = {
				BuildIndependentTargetsInParallel = 1;
				LastSwiftUpdateCheck = 1420;
				LastUpgradeCheck = 1420;
				TargetAttributes = {
					8CDD8FA32B2DF314002C72C8 = {
						CreatedOnToolsVersion = 14.2;
					};
				};
			};
			buildConfigurationList = 8CDD8F9F2B2DF314002C72C8 /* Build configuration list for PBXProject "Qure.ai Currency Converter" */;
			compatibilityVersion = "Xcode 12.0";
			developmentRegion = en;
			hasScannedForEncodings = 0;
			knownRegions = (
				en,
				Base,
			);
			mainGroup = 8CDD8F9B2B2DF314002C72C8;
			productRefGroup = 8CDD8FA52B2DF314002C72C8 /* Products */;
			projectDirPath = "";
			projectRoot = "";
			targets = (
				8CDD8FA32B2DF314002C72C8 /* Qure.ai Currency Converter */,
			);
		};
/* End PBXProject section */

/* Begin PBXResourcesBuildPhase section */
		8CDD8FA22B2DF314002C72C8 /* Resources */ = {
			isa = PBXResourcesBuildPhase;
			buildActionMask = 2147483647;
			files = (
				8CDD8FB72B2DF315002C72C8 /* LaunchScreen.storyboard in Resources */,
				8CDD8FB42B2DF315002C72C8 /* Assets.xcassets in Resources */,
				8CEAF31E2B2F2271006694F4 /* ConversionHistoryCell.xib in Resources */,
				8CDD8FAF2B2DF314002C72C8 /* Main.storyboard in Resources */,
			);
			runOnlyForDeploymentPostprocessing = 0;
		};
/* End PBXResourcesBuildPhase section */

/* Begin PBXSourcesBuildPhase section */
		8CDD8FA02B2DF314002C72C8 /* Sources */ = {
			isa = PBXSourcesBuildPhase;
			buildActionMask = 2147483647;
			files = (
				8CDD8FAC2B2DF314002C72C8 /* ViewController.swift in Sources */,
				8CDD8FE12B2DF999002C72C8 /* CurrencyCell.swift in Sources */,
				8CDD8FDF2B2DF943002C72C8 /* CurrencyHistoryCell.swift in Sources */,
				8C220AC62B2EC672002DDE83 /* RatesTableViewController.swift in Sources */,
				8CDD8FA82B2DF314002C72C8 /* AppDelegate.swift in Sources */,
				8CEA3B6E2B2E2EDA00694F13 /* HistoryMainViewController.swift in Sources */,
				8CEAF31D2B2F2271006694F4 /* ConversionHistoryCell.swift in Sources */,
				8CEAF3202B2F25F4006694F4 /* ConversionHistoryTableViewController.swift in Sources */,
				8CDD8FAA2B2DF314002C72C8 /* SceneDelegate.swift in Sources */,
				8CDD8FC92B2DF55F002C72C8 /* UIAlertView.swift in Sources */,
				8CDD8FD52B2DF782002C72C8 /* CurrencyHistory.swift in Sources */,
				8CEA3B702B2E2F7B00694F13 /* HistoryDetailsViewController.swift in Sources */,
				8C220AC82B2EC6DF002DDE83 /* CurrencyDetailsViewController.swift in Sources */,
				8CDD8FDB2B2DF7DE002C72C8 /* ConversionData.swift in Sources */,
				8CDD8FC72B2DF53B002C72C8 /* UIActivityIndicatorView.swift in Sources */,
				8CDD8FCD2B2DF60E002C72C8 /* CommonMethods.swift in Sources */,
				8CDD8FD32B2DF75B002C72C8 /* RatesDetailModel.swift in Sources */,
				8CDD8FD92B2DF7C5002C72C8 /* Currency.swift in Sources */,
				8CDD8FD72B2DF7A3002C72C8 /* ResultModel.swift in Sources */,
				8CDD8FDD2B2DF89D002C72C8 /* RateCell.swift in Sources */,
				8CDD8FD12B2DF6C2002C72C8 /* ErrorModel.swift in Sources */,
				8CDD8FCF2B2DF649002C72C8 /* ApiService.swift in Sources */,
				8CEA3B6C2B2E255400694F13 /* CurrenciesViewController.swift in Sources */,
				8CDD8FCB2B2DF5F3002C72C8 /* GlobalSettings.swift in Sources */,
				8CEA3B682B2E1E6600694F13 /* ConverterViewController.swift in Sources */,
			);
			runOnlyForDeploymentPostprocessing = 0;
		};
/* End PBXSourcesBuildPhase section */

/* Begin PBXVariantGroup section */
		8CDD8FAD2B2DF314002C72C8 /* Main.storyboard */ = {
			isa = PBXVariantGroup;
			children = (
				8CDD8FAE2B2DF314002C72C8 /* Base */,
			);
			name = Main.storyboard;
			sourceTree = "<group>";
		};
		8CDD8FB52B2DF315002C72C8 /* LaunchScreen.storyboard */ = {
			isa = PBXVariantGroup;
			children = (
				8CDD8FB62B2DF315002C72C8 /* Base */,
			);
			name = LaunchScreen.storyboard;
			sourceTree = "<group>";
		};
/* End PBXVariantGroup section */

/* Begin XCBuildConfiguration section */
		8CDD8FB92B2DF315002C72C8 /* Debug */ = {
			isa = XCBuildConfiguration;
			buildSettings = {
				ALWAYS_SEARCH_USER_PATHS = NO;
				CLANG_ANALYZER_NONNULL = YES;
				CLANG_ANALYZER_NUMBER_OBJECT_CONVERSION = YES_AGGRESSIVE;
				CLANG_CXX_LANGUAGE_STANDARD = "gnu++20";
				CLANG_ENABLE_MODULES = YES;
				CLANG_ENABLE_OBJC_ARC = YES;
				CLANG_ENABLE_OBJC_WEAK = YES;
				CLANG_WARN_BLOCK_CAPTURE_AUTORELEASING = YES;
				CLANG_WARN_BOOL_CONVERSION = YES;
				CLANG_WARN_COMMA = YES;
				CLANG_WARN_CONSTANT_CONVERSION = YES;
				CLANG_WARN_DEPRECATED_OBJC_IMPLEMENTATIONS = YES;
				CLANG_WARN_DIRECT_OBJC_ISA_USAGE = YES_ERROR;
				CLANG_WARN_DOCUMENTATION_COMMENTS = YES;
				CLANG_WARN_EMPTY_BODY = YES;
				CLANG_WARN_ENUM_CONVERSION = YES;
				CLANG_WARN_INFINITE_RECURSION = YES;
				CLANG_WARN_INT_CONVERSION = YES;
				CLANG_WARN_NON_LITERAL_NULL_CONVERSION = YES;
				CLANG_WARN_OBJC_IMPLICIT_RETAIN_SELF = YES;
				CLANG_WARN_OBJC_LITERAL_CONVERSION = YES;
				CLANG_WARN_OBJC_ROOT_CLASS = YES_ERROR;
				CLANG_WARN_QUOTED_INCLUDE_IN_FRAMEWORK_HEADER = YES;
				CLANG_WARN_RANGE_LOOP_ANALYSIS = YES;
				CLANG_WARN_STRICT_PROTOTYPES = YES;
				CLANG_WARN_SUSPICIOUS_MOVE = YES;
				CLANG_WARN_UNGUARDED_AVAILABILITY = YES_AGGRESSIVE;
				CLANG_WARN_UNREACHABLE_CODE = YES;
				CLANG_WARN__DUPLICATE_METHOD_MATCH = YES;
				COPY_PHASE_STRIP = NO;
				DEBUG_INFORMATION_FORMAT = dwarf;
				ENABLE_STRICT_OBJC_MSGSEND = YES;
				ENABLE_TESTABILITY = YES;
				GCC_C_LANGUAGE_STANDARD = gnu11;
				GCC_DYNAMIC_NO_PIC = NO;
				GCC_NO_COMMON_BLOCKS = YES;
				GCC_OPTIMIZATION_LEVEL = 0;
				GCC_PREPROCESSOR_DEFINITIONS = (
					"DEBUG=1",
					"$(inherited)",
				);
				GCC_WARN_64_TO_32_BIT_CONVERSION = YES;
				GCC_WARN_ABOUT_RETURN_TYPE = YES_ERROR;
				GCC_WARN_UNDECLARED_SELECTOR = YES;
				GCC_WARN_UNINITIALIZED_AUTOS = YES_AGGRESSIVE;
				GCC_WARN_UNUSED_FUNCTION = YES;
				GCC_WARN_UNUSED_VARIABLE = YES;
				IPHONEOS_DEPLOYMENT_TARGET = 16.2;
				MTL_ENABLE_DEBUG_INFO = INCLUDE_SOURCE;
				MTL_FAST_MATH = YES;
				ONLY_ACTIVE_ARCH = YES;
				SDKROOT = iphoneos;
				SWIFT_ACTIVE_COMPILATION_CONDITIONS = DEBUG;
				SWIFT_OPTIMIZATION_LEVEL = "-Onone";
			};
			name = Debug;
		};
		8CDD8FBA2B2DF315002C72C8 /* Release */ = {
			isa = XCBuildConfiguration;
			buildSettings = {
				ALWAYS_SEARCH_USER_PATHS = NO;
				CLANG_ANALYZER_NONNULL = YES;
				CLANG_ANALYZER_NUMBER_OBJECT_CONVERSION = YES_AGGRESSIVE;
				CLANG_CXX_LANGUAGE_STANDARD = "gnu++20";
				CLANG_ENABLE_MODULES = YES;
				CLANG_ENABLE_OBJC_ARC = YES;
				CLANG_ENABLE_OBJC_WEAK = YES;
				CLANG_WARN_BLOCK_CAPTURE_AUTORELEASING = YES;
				CLANG_WARN_BOOL_CONVERSION = YES;
				CLANG_WARN_COMMA = YES;
				CLANG_WARN_CONSTANT_CONVERSION = YES;
				CLANG_WARN_DEPRECATED_OBJC_IMPLEMENTATIONS = YES;
				CLANG_WARN_DIRECT_OBJC_ISA_USAGE = YES_ERROR;
				CLANG_WARN_DOCUMENTATION_COMMENTS = YES;
				CLANG_WARN_EMPTY_BODY = YES;
				CLANG_WARN_ENUM_CONVERSION = YES;
				CLANG_WARN_INFINITE_RECURSION = YES;
				CLANG_WARN_INT_CONVERSION = YES;
				CLANG_WARN_NON_LITERAL_NULL_CONVERSION = YES;
				CLANG_WARN_OBJC_IMPLICIT_RETAIN_SELF = YES;
				CLANG_WARN_OBJC_LITERAL_CONVERSION = YES;
				CLANG_WARN_OBJC_ROOT_CLASS = YES_ERROR;
				CLANG_WARN_QUOTED_INCLUDE_IN_FRAMEWORK_HEADER = YES;
				CLANG_WARN_RANGE_LOOP_ANALYSIS = YES;
				CLANG_WARN_STRICT_PROTOTYPES = YES;
				CLANG_WARN_SUSPICIOUS_MOVE = YES;
				CLANG_WARN_UNGUARDED_AVAILABILITY = YES_AGGRESSIVE;
				CLANG_WARN_UNREACHABLE_CODE = YES;
				CLANG_WARN__DUPLICATE_METHOD_MATCH = YES;
				COPY_PHASE_STRIP = NO;
				DEBUG_INFORMATION_FORMAT = "dwarf-with-dsym";
				ENABLE_NS_ASSERTIONS = NO;
				ENABLE_STRICT_OBJC_MSGSEND = YES;
				GCC_C_LANGUAGE_STANDARD = gnu11;
				GCC_NO_COMMON_BLOCKS = YES;
				GCC_WARN_64_TO_32_BIT_CONVERSION = YES;
				GCC_WARN_ABOUT_RETURN_TYPE = YES_ERROR;
				GCC_WARN_UNDECLARED_SELECTOR = YES;
				GCC_WARN_UNINITIALIZED_AUTOS = YES_AGGRESSIVE;
				GCC_WARN_UNUSED_FUNCTION = YES;
				GCC_WARN_UNUSED_VARIABLE = YES;
				IPHONEOS_DEPLOYMENT_TARGET = 16.2;
				MTL_ENABLE_DEBUG_INFO = NO;
				MTL_FAST_MATH = YES;
				SDKROOT = iphoneos;
				SWIFT_COMPILATION_MODE = wholemodule;
				SWIFT_OPTIMIZATION_LEVEL = "-O";
				VALIDATE_PRODUCT = YES;
			};
			name = Release;
		};
		8CDD8FBC2B2DF315002C72C8 /* Debug */ = {
			isa = XCBuildConfiguration;
			buildSettings = {
				ASSETCATALOG_COMPILER_APPICON_NAME = AppIcon;
				ASSETCATALOG_COMPILER_GLOBAL_ACCENT_COLOR_NAME = AccentColor;
				CODE_SIGN_STYLE = Automatic;
				CURRENT_PROJECT_VERSION = 1;
				GENERATE_INFOPLIST_FILE = YES;
				INFOPLIST_FILE = "/Users/varunjoshi/Documents/qure.ai Test/Currency Converter/Qure.ai Currency Converter/Info.plist";
				INFOPLIST_KEY_CFBundleDisplayName = "Currency Converter";
				INFOPLIST_KEY_UIApplicationSupportsIndirectInputEvents = YES;
				INFOPLIST_KEY_UILaunchStoryboardName = LaunchScreen;
				INFOPLIST_KEY_UIMainStoryboardFile = Main;
				INFOPLIST_KEY_UISupportedInterfaceOrientations = UIInterfaceOrientationPortrait;
				INFOPLIST_KEY_UISupportedInterfaceOrientations_iPad = "UIInterfaceOrientationLandscapeLeft UIInterfaceOrientationLandscapeRight UIInterfaceOrientationPortrait UIInterfaceOrientationPortraitUpsideDown";
				IPHONEOS_DEPLOYMENT_TARGET = 13.0;
				LD_RUNPATH_SEARCH_PATHS = (
					"$(inherited)",
					"@executable_path/Frameworks",
				);
				MARKETING_VERSION = 1.0;
				PRODUCT_BUNDLE_IDENTIFIER = "com.me.Qure-ai-Currency-Converter";
				PRODUCT_NAME = "$(TARGET_NAME)";
				SWIFT_EMIT_LOC_STRINGS = YES;
				SWIFT_VERSION = 5.0;
				TARGETED_DEVICE_FAMILY = "1,2";
			};
			name = Debug;
		};
		8CDD8FBD2B2DF315002C72C8 /* Release */ = {
			isa = XCBuildConfiguration;
			buildSettings = {
				ASSETCATALOG_COMPILER_APPICON_NAME = AppIcon;
				ASSETCATALOG_COMPILER_GLOBAL_ACCENT_COLOR_NAME = AccentColor;
				CODE_SIGN_STYLE = Automatic;
				CURRENT_PROJECT_VERSION = 1;
				GENERATE_INFOPLIST_FILE = YES;
				INFOPLIST_FILE = "/Users/varunjoshi/Documents/qure.ai Test/Currency Converter/Qure.ai Currency Converter/Info.plist";
				INFOPLIST_KEY_CFBundleDisplayName = "Currency Converter";
				INFOPLIST_KEY_UIApplicationSupportsIndirectInputEvents = YES;
				INFOPLIST_KEY_UILaunchStoryboardName = LaunchScreen;
				INFOPLIST_KEY_UIMainStoryboardFile = Main;
				INFOPLIST_KEY_UISupportedInterfaceOrientations = UIInterfaceOrientationPortrait;
				INFOPLIST_KEY_UISupportedInterfaceOrientations_iPad = "UIInterfaceOrientationLandscapeLeft UIInterfaceOrientationLandscapeRight UIInterfaceOrientationPortrait UIInterfaceOrientationPortraitUpsideDown";
				IPHONEOS_DEPLOYMENT_TARGET = 13.0;
				LD_RUNPATH_SEARCH_PATHS = (
					"$(inherited)",
					"@executable_path/Frameworks",
				);
				MARKETING_VERSION = 1.0;
				PRODUCT_BUNDLE_IDENTIFIER = "com.me.Qure-ai-Currency-Converter";
				PRODUCT_NAME = "$(TARGET_NAME)";
				SWIFT_EMIT_LOC_STRINGS = YES;
				SWIFT_VERSION = 5.0;
				TARGETED_DEVICE_FAMILY = "1,2";
			};
			name = Release;
		};
/* End XCBuildConfiguration section */

/* Begin XCConfigurationList section */
		8CDD8F9F2B2DF314002C72C8 /* Build configuration list for PBXProject "Qure.ai Currency Converter" */ = {
			isa = XCConfigurationList;
			buildConfigurations = (
				8CDD8FB92B2DF315002C72C8 /* Debug */,
				8CDD8FBA2B2DF315002C72C8 /* Release */,
			);
			defaultConfigurationIsVisible = 0;
			defaultConfigurationName = Release;
		};
		8CDD8FBB2B2DF315002C72C8 /* Build configuration list for PBXNativeTarget "Qure.ai Currency Converter" */ = {
			isa = XCConfigurationList;
			buildConfigurations = (
				8CDD8FBC2B2DF315002C72C8 /* Debug */,
				8CDD8FBD2B2DF315002C72C8 /* Release */,
			);
			defaultConfigurationIsVisible = 0;
			defaultConfigurationName = Release;
		};
/* End XCConfigurationList section */
	};
	rootObject = 8CDD8F9C2B2DF314002C72C8 /* Project object */;
}
